
Microsoft Visual Studio Solution File, Format Version 12.00
# Visual Studio Version 17
VisualStudioVersion = 17.13.35931.197 d17.13
MinimumVisualStudioVersion = 10.0.40219.1
Project("{FAE04EC0-301F-11D3-BF4B-00C04F79EFBC}") = "VideoGameApi", "VideoGameApi\VideoGameApi.csproj", "{98C22712-0FF3-4F49-A6E8-CC0C15C07281}"
EndProject
Global
	GlobalSection(SolutionConfigurationPlatforms) = preSolution
		Debug|Any CPU = Debug|Any CPU
		Release|Any CPU = Release|Any CPU
	EndGlobalSection
	GlobalSection(ProjectConfigurationPlatforms) = postSolution
		{98C22712-0FF3-4F49-A6E8-CC0C15C07281}.Debug|Any CPU.ActiveCfg = Debug|Any CPU
		{98C22712-0FF3-4F49-A6E8-CC0C15C07281}.Debug|Any CPU.Build.0 = Debug|Any CPU
		{98C22712-0FF3-4F49-A6E8-CC0C15C07281}.Release|Any CPU.ActiveCfg = Release|Any CPU
		{98C22712-0FF3-4F49-A6E8-CC0C15C07281}.Release|Any CPU.Build.0 = Release|Any CPU
	EndGlobalSection
	GlobalSection(SolutionProperties) = preSolution
		HideSolutionNode = FALSE
	EndGlobalSection
	GlobalSection(ExtensibilityGlobals) = postSolution
		SolutionGuid = {566FC4BA-E9FA-45AA-A293-8383C8A40BAC}
	EndGlobalSection
EndGlobal
